
Microsoft Visual Studio Solution File, Format Version 12.00
# Visual Studio Version 16
VisualStudioVersion = 16.0.30621.155
MinimumVisualStudioVersion = 10.0.40219.1
Project("{8BC9CEB8-8B4A-11D0-8D11-00A0C91BC942}") = "Week6_Program25", "Week6_Program25\Week6_Program25.vcxproj", "{9467CCF1-2E54-48A8-8459-6B154CDF7118}"
EndProject
Global
	GlobalSection(SolutionConfigurationPlatforms) = preSolution
		Debug|x64 = Debug|x64
		Debug|x86 = Debug|x86
		Release|x64 = Release|x64
		Release|x86 = Release|x86
	EndGlobalSection
	GlobalSection(ProjectConfigurationPlatforms) = postSolution
		{9467CCF1-2E54-48A8-8459-6B154CDF7118}.Debug|x64.ActiveCfg = Debug|x64
		{9467CCF1-2E54-48A8-8459-6B154CDF7118}.Debug|x64.Build.0 = Debug|x64
		{9467CCF1-2E54-48A8-8459-6B154CDF7118}.Debug|x86.ActiveCfg = Debug|Win32
		{9467CCF1-2E54-48A8-8459-6B154CDF7118}.Debug|x86.Build.0 = Debug|Win32
		{9467CCF1-2E54-48A8-8459-6B154CDF7118}.Release|x64.ActiveCfg = Release|x64
		{9467CCF1-2E54-48A8-8459-6B154CDF7118}.Release|x64.Build.0 = Release|x64
		{9467CCF1-2E54-48A8-8459-6B154CDF7118}.Release|x86.ActiveCfg = Release|Win32
		{9467CCF1-2E54-48A8-8459-6B154CDF7118}.Release|x86.Build.0 = Release|Win32
	EndGlobalSection
	GlobalSection(SolutionProperties) = preSolution
		HideSolutionNode = FALSE
	EndGlobalSection
	GlobalSection(ExtensibilityGlobals) = postSolution
		SolutionGuid = {284CB207-91AA-4DB6-92D4-07DBB94E097E}
	EndGlobalSection
EndGlobal
