
Microsoft Visual Studio Solution File, Format Version 12.00
# Visual Studio Version 16
VisualStudioVersion = 16.0.30611.23
MinimumVisualStudioVersion = 10.0.40219.1
Project("{8BC9CEB8-8B4A-11D0-8D11-00A0C91BC942}") = "Week1_Program1", "Week1_Program1\Week1_Program1.vcxproj", "{D8DB28D7-8ADB-4AF3-B442-78D8C6A12629}"
EndProject
Global
	GlobalSection(SolutionConfigurationPlatforms) = preSolution
		Debug|x64 = Debug|x64
		Debug|x86 = Debug|x86
		Release|x64 = Release|x64
		Release|x86 = Release|x86
	EndGlobalSection
	GlobalSection(ProjectConfigurationPlatforms) = postSolution
		{D8DB28D7-8ADB-4AF3-B442-78D8C6A12629}.Debug|x64.ActiveCfg = Debug|x64
		{D8DB28D7-8ADB-4AF3-B442-78D8C6A12629}.Debug|x64.Build.0 = Debug|x64
		{D8DB28D7-8ADB-4AF3-B442-78D8C6A12629}.Debug|x86.ActiveCfg = Debug|Win32
		{D8DB28D7-8ADB-4AF3-B442-78D8C6A12629}.Debug|x86.Build.0 = Debug|Win32
		{D8DB28D7-8ADB-4AF3-B442-78D8C6A12629}.Release|x64.ActiveCfg = Release|x64
		{D8DB28D7-8ADB-4AF3-B442-78D8C6A12629}.Release|x64.Build.0 = Release|x64
		{D8DB28D7-8ADB-4AF3-B442-78D8C6A12629}.Release|x86.ActiveCfg = Release|Win32
		{D8DB28D7-8ADB-4AF3-B442-78D8C6A12629}.Release|x86.Build.0 = Release|Win32
	EndGlobalSection
	GlobalSection(SolutionProperties) = preSolution
		HideSolutionNode = FALSE
	EndGlobalSection
	GlobalSection(ExtensibilityGlobals) = postSolution
		SolutionGuid = {9FF3D218-5FBD-47CE-A88E-B042AD23E5F6}
	EndGlobalSection
EndGlobal
